
Microsoft Visual Studio Solution File, Format Version 12.00
# Visual Studio Version 16
VisualStudioVersion = 16.0.31624.102
MinimumVisualStudioVersion = 10.0.40219.1
Project("{9A19103F-16F7-4668-BE54-9A1E7A4F7556}") = "Calculator", "Calculator\Calculator.csproj", "{7D9B4FFC-95AF-4496-BAB3-77C4E3464204}"
EndProject
Project("{FAE04EC0-301F-11D3-BF4B-00C04F79EFBC}") = "CalculatorTests", "CalculatorTests\CalculatorTests.csproj", "{2CAC0B05-8E9A-4C16-9BD7-86BCEE75C707}"
EndProject
Global
	GlobalSection(SolutionConfigurationPlatforms) = preSolution
		Debug|Any CPU = Debug|Any CPU
		Release|Any CPU = Release|Any CPU
	EndGlobalSection
	GlobalSection(ProjectConfigurationPlatforms) = postSolution
		{7D9B4FFC-95AF-4496-BAB3-77C4E3464204}.Debug|Any CPU.ActiveCfg = Debug|Any CPU
		{7D9B4FFC-95AF-4496-BAB3-77C4E3464204}.Debug|Any CPU.Build.0 = Debug|Any CPU
		{7D9B4FFC-95AF-4496-BAB3-77C4E3464204}.Release|Any CPU.ActiveCfg = Release|Any CPU
		{7D9B4FFC-95AF-4496-BAB3-77C4E3464204}.Release|Any CPU.Build.0 = Release|Any CPU
		{2CAC0B05-8E9A-4C16-9BD7-86BCEE75C707}.Debug|Any CPU.ActiveCfg = Debug|Any CPU
		{2CAC0B05-8E9A-4C16-9BD7-86BCEE75C707}.Debug|Any CPU.Build.0 = Debug|Any CPU
		{2CAC0B05-8E9A-4C16-9BD7-86BCEE75C707}.Release|Any CPU.ActiveCfg = Release|Any CPU
		{2CAC0B05-8E9A-4C16-9BD7-86BCEE75C707}.Release|Any CPU.Build.0 = Release|Any CPU
	EndGlobalSection
	GlobalSection(SolutionProperties) = preSolution
		HideSolutionNode = FALSE
	EndGlobalSection
	GlobalSection(ExtensibilityGlobals) = postSolution
		SolutionGuid = {C5890103-3685-48E8-9D7B-F065E39FC9AF}
	EndGlobalSection
EndGlobal
